
Microsoft Visual Studio Solution File, Format Version 12.00
# Visual Studio 2013
Project("{FAE04EC0-301F-11D3-BF4B-00C04F79EFBC}") = "UnityVS.KopiLuaX_Src_Test.CSharp", "UnityVS.KopiLuaX_Src_Test.CSharp.csproj", "{95EBD062-7741-4F02-92D6-9141561A46A3}"
EndProject
Project("{FAE04EC0-301F-11D3-BF4B-00C04F79EFBC}") = "UnityVS.KopiLuaX_Src_Test.CSharp.Editor", "UnityVS.KopiLuaX_Src_Test.CSharp.Editor.csproj", "{0F2F2953-394F-1371-3C5A-6729811EB83F}"
EndProject
Global
	GlobalSection(SolutionConfigurationPlatforms) = preSolution
		Debug|Any CPU = Debug|Any CPU
		Release|Any CPU = Release|Any CPU
	EndGlobalSection
	GlobalSection(ProjectConfigurationPlatforms) = postSolution
		{95EBD062-7741-4F02-92D6-9141561A46A3}.Debug|Any CPU.ActiveCfg = Debug|Any CPU
		{95EBD062-7741-4F02-92D6-9141561A46A3}.Debug|Any CPU.Build.0 = Debug|Any CPU
		{95EBD062-7741-4F02-92D6-9141561A46A3}.Release|Any CPU.ActiveCfg = Release|Any CPU
		{95EBD062-7741-4F02-92D6-9141561A46A3}.Release|Any CPU.Build.0 = Release|Any CPU
		{0F2F2953-394F-1371-3C5A-6729811EB83F}.Debug|Any CPU.ActiveCfg = Debug|Any CPU
		{0F2F2953-394F-1371-3C5A-6729811EB83F}.Debug|Any CPU.Build.0 = Debug|Any CPU
		{0F2F2953-394F-1371-3C5A-6729811EB83F}.Release|Any CPU.ActiveCfg = Release|Any CPU
		{0F2F2953-394F-1371-3C5A-6729811EB83F}.Release|Any CPU.Build.0 = Release|Any CPU
	EndGlobalSection
	GlobalSection(SolutionProperties) = preSolution
		HideSolutionNode = FALSE
	EndGlobalSection
EndGlobal
