Microsoft Visual Studio Solution File, Format Version 11.00
# Visual Studio 2008

Project("{76A40E4F-974F-D895-A0A2-598C1CEE28B4}") = "Character", "Assembly-CSharp-firstpass.csproj", "{3F845F50-5598-88C2-C591-1394DE531AA6}"
EndProject
Project("{76A40E4F-974F-D895-A0A2-598C1CEE28B4}") = "Character", "Assembly-CSharp.csproj", "{1059BAD0-5F76-D9F9-A3AB-87C21B09BFDD}"
EndProject
Project("{76A40E4F-974F-D895-A0A2-598C1CEE28B4}") = "Character", "Assembly-CSharp-Editor-firstpass.csproj", "{6E32C979-54AB-F6A8-32CD-C2A4CFAE2220}"
EndProject
Project("{76A40E4F-974F-D895-A0A2-598C1CEE28B4}") = "Character", "Assembly-UnityScript.unityproj", "{61B95822-4C99-C704-F209-486D998E0EFF}"
EndProject
Global
	GlobalSection(SolutionConfigurationPlatforms) = preSolution
		Debug|Any CPU = Debug|Any CPU
		Release|Any CPU = Release|Any CPU
	EndGlobalSection
	GlobalSection(ProjectConfigurationPlatforms) = postSolution
		{3F845F50-5598-88C2-C591-1394DE531AA6}.Debug|Any CPU.ActiveCfg = Debug|Any CPU
		{3F845F50-5598-88C2-C591-1394DE531AA6}.Debug|Any CPU.Build.0 = Debug|Any CPU
		{3F845F50-5598-88C2-C591-1394DE531AA6}.Release|Any CPU.ActiveCfg = Release|Any CPU
		{3F845F50-5598-88C2-C591-1394DE531AA6}.Release|Any CPU.Build.0 = Release|Any CPU
		{1059BAD0-5F76-D9F9-A3AB-87C21B09BFDD}.Debug|Any CPU.ActiveCfg = Debug|Any CPU
		{1059BAD0-5F76-D9F9-A3AB-87C21B09BFDD}.Debug|Any CPU.Build.0 = Debug|Any CPU
		{1059BAD0-5F76-D9F9-A3AB-87C21B09BFDD}.Release|Any CPU.ActiveCfg = Release|Any CPU
		{1059BAD0-5F76-D9F9-A3AB-87C21B09BFDD}.Release|Any CPU.Build.0 = Release|Any CPU
		{6E32C979-54AB-F6A8-32CD-C2A4CFAE2220}.Debug|Any CPU.ActiveCfg = Debug|Any CPU
		{6E32C979-54AB-F6A8-32CD-C2A4CFAE2220}.Debug|Any CPU.Build.0 = Debug|Any CPU
		{6E32C979-54AB-F6A8-32CD-C2A4CFAE2220}.Release|Any CPU.ActiveCfg = Release|Any CPU
		{6E32C979-54AB-F6A8-32CD-C2A4CFAE2220}.Release|Any CPU.Build.0 = Release|Any CPU
		{61B95822-4C99-C704-F209-486D998E0EFF}.Debug|Any CPU.ActiveCfg = Debug|Any CPU
		{61B95822-4C99-C704-F209-486D998E0EFF}.Debug|Any CPU.Build.0 = Debug|Any CPU
		{61B95822-4C99-C704-F209-486D998E0EFF}.Release|Any CPU.ActiveCfg = Release|Any CPU
		{61B95822-4C99-C704-F209-486D998E0EFF}.Release|Any CPU.Build.0 = Release|Any CPU
	EndGlobalSection
	GlobalSection(SolutionProperties) = preSolution
		HideSolutionNode = FALSE
	EndGlobalSection
			GlobalSection(MonoDevelopProperties) = preSolution
		StartupItem = Assembly-CSharp.csproj
		Policies = $0
		$0.TextStylePolicy = $1
		$1.inheritsSet = null
		$1.scope = text/x-csharp
		$0.CSharpFormattingPolicy = $2
		$2.inheritsSet = Mono
		$2.inheritsScope = text/x-csharp
		$2.scope = text/x-csharp
		$0.TextStylePolicy = $3
		$3.FileWidth = 120
		$3.TabWidth = 4
		$3.EolMarker = Unix
		$3.inheritsSet = Mono
		$3.inheritsScope = text/plain
		$3.scope = text/plain
	EndGlobalSection

EndGlobal
