
Microsoft Visual Studio Solution File, Format Version 12.00
# Visual Studio 2013
Project("{FAE04EC0-301F-11D3-BF4B-00C04F79EFBC}") = "UnityVS.EditorScriptFolder.CSharp.Editor", "UnityVS.EditorScriptFolder.CSharp.Editor.csproj", "{B84E95BC-6F42-3183-2C11-5E1BCDC96F7E}"
EndProject
Global
	GlobalSection(SolutionConfigurationPlatforms) = preSolution
		Debug|Any CPU = Debug|Any CPU
		Release|Any CPU = Release|Any CPU
	EndGlobalSection
	GlobalSection(ProjectConfigurationPlatforms) = postSolution
		{B84E95BC-6F42-3183-2C11-5E1BCDC96F7E}.Debug|Any CPU.ActiveCfg = Debug|Any CPU
		{B84E95BC-6F42-3183-2C11-5E1BCDC96F7E}.Debug|Any CPU.Build.0 = Debug|Any CPU
		{B84E95BC-6F42-3183-2C11-5E1BCDC96F7E}.Release|Any CPU.ActiveCfg = Release|Any CPU
		{B84E95BC-6F42-3183-2C11-5E1BCDC96F7E}.Release|Any CPU.Build.0 = Release|Any CPU
	EndGlobalSection
	GlobalSection(SolutionProperties) = preSolution
		HideSolutionNode = FALSE
	EndGlobalSection
EndGlobal
