Microsoft Visual Studio Solution File, Format Version 11.00
# Visual Studio 2008

Project("{1C1DED50-9B3B-9ED2-ADFC-03956180DFDE}") = "FuncCaller", "Assembly-CSharp.csproj", "{8C0793BA-56CF-75F4-46C6-6D12A4812726}"
EndProject
Project("{1C1DED50-9B3B-9ED2-ADFC-03956180DFDE}") = "FuncCaller", "Assembly-CSharp-Editor.csproj", "{B4B0E1A3-E390-CDD5-9A48-1760DB675928}"
EndProject
Global
	GlobalSection(SolutionConfigurationPlatforms) = preSolution
		Debug|Any CPU = Debug|Any CPU
		Release|Any CPU = Release|Any CPU
	EndGlobalSection
	GlobalSection(ProjectConfigurationPlatforms) = postSolution
		{8C0793BA-56CF-75F4-46C6-6D12A4812726}.Debug|Any CPU.ActiveCfg = Debug|Any CPU
		{8C0793BA-56CF-75F4-46C6-6D12A4812726}.Debug|Any CPU.Build.0 = Debug|Any CPU
		{8C0793BA-56CF-75F4-46C6-6D12A4812726}.Release|Any CPU.ActiveCfg = Release|Any CPU
		{8C0793BA-56CF-75F4-46C6-6D12A4812726}.Release|Any CPU.Build.0 = Release|Any CPU
		{B4B0E1A3-E390-CDD5-9A48-1760DB675928}.Debug|Any CPU.ActiveCfg = Debug|Any CPU
		{B4B0E1A3-E390-CDD5-9A48-1760DB675928}.Debug|Any CPU.Build.0 = Debug|Any CPU
		{B4B0E1A3-E390-CDD5-9A48-1760DB675928}.Release|Any CPU.ActiveCfg = Release|Any CPU
		{B4B0E1A3-E390-CDD5-9A48-1760DB675928}.Release|Any CPU.Build.0 = Release|Any CPU
	EndGlobalSection
	GlobalSection(SolutionProperties) = preSolution
		HideSolutionNode = FALSE
	EndGlobalSection
		GlobalSection(MonoDevelopProperties) = preSolution
		StartupItem = Assembly-CSharp.csproj
		Policies = $0
		$0.TextStylePolicy = $1
		$1.inheritsSet = null
		$1.scope = text/x-csharp
		$0.CSharpFormattingPolicy = $2
		$2.inheritsSet = Mono
		$2.inheritsScope = text/x-csharp
		$2.scope = text/x-csharp
		$0.TextStylePolicy = $3
		$3.FileWidth = 120
		$3.TabWidth = 4
		$3.EolMarker = Unix
		$3.inheritsSet = Mono
		$3.inheritsScope = text/plain
		$3.scope = text/plain
	EndGlobalSection

EndGlobal
