
Microsoft Visual Studio Solution File, Format Version 12.00
# Visual Studio 2013
Project("{FAE04EC0-301F-11D3-BF4B-00C04F79EFBC}") = "UnityVS.MixamoProject.CSharp", "UnityVS.MixamoProject.CSharp.csproj", "{AD8163A2-E219-6E61-8126-1D3907E616DB}"
EndProject
Project("{FAE04EC0-301F-11D3-BF4B-00C04F79EFBC}") = "UnityVS.MixamoProject.CSharp.Editor", "UnityVS.MixamoProject.CSharp.Editor.csproj", "{3082B4D7-3B0F-9E31-F8A6-981084F081F7}"
EndProject
Global
	GlobalSection(SolutionConfigurationPlatforms) = preSolution
		Debug|Any CPU = Debug|Any CPU
		Release|Any CPU = Release|Any CPU
	EndGlobalSection
	GlobalSection(ProjectConfigurationPlatforms) = postSolution
		{AD8163A2-E219-6E61-8126-1D3907E616DB}.Debug|Any CPU.ActiveCfg = Debug|Any CPU
		{AD8163A2-E219-6E61-8126-1D3907E616DB}.Debug|Any CPU.Build.0 = Debug|Any CPU
		{AD8163A2-E219-6E61-8126-1D3907E616DB}.Release|Any CPU.ActiveCfg = Release|Any CPU
		{AD8163A2-E219-6E61-8126-1D3907E616DB}.Release|Any CPU.Build.0 = Release|Any CPU
		{3082B4D7-3B0F-9E31-F8A6-981084F081F7}.Debug|Any CPU.ActiveCfg = Debug|Any CPU
		{3082B4D7-3B0F-9E31-F8A6-981084F081F7}.Debug|Any CPU.Build.0 = Debug|Any CPU
		{3082B4D7-3B0F-9E31-F8A6-981084F081F7}.Release|Any CPU.ActiveCfg = Release|Any CPU
		{3082B4D7-3B0F-9E31-F8A6-981084F081F7}.Release|Any CPU.Build.0 = Release|Any CPU
	EndGlobalSection
	GlobalSection(SolutionProperties) = preSolution
		HideSolutionNode = FALSE
	EndGlobalSection
EndGlobal
