
Microsoft Visual Studio Solution File, Format Version 12.00
# Visual Studio 2013
Project("{FAE04EC0-301F-11D3-BF4B-00C04F79EFBC}") = "UnityVS.MecanimEventBase.CSharp", "UnityVS.MecanimEventBase.CSharp.csproj", "{BECF42C9-2C6F-CEA7-D78A-8360014DDFEC}"
EndProject
Global
	GlobalSection(SolutionConfigurationPlatforms) = preSolution
		Debug|Any CPU = Debug|Any CPU
		Release|Any CPU = Release|Any CPU
	EndGlobalSection
	GlobalSection(ProjectConfigurationPlatforms) = postSolution
		{BECF42C9-2C6F-CEA7-D78A-8360014DDFEC}.Debug|Any CPU.ActiveCfg = Debug|Any CPU
		{BECF42C9-2C6F-CEA7-D78A-8360014DDFEC}.Debug|Any CPU.Build.0 = Debug|Any CPU
		{BECF42C9-2C6F-CEA7-D78A-8360014DDFEC}.Release|Any CPU.ActiveCfg = Release|Any CPU
		{BECF42C9-2C6F-CEA7-D78A-8360014DDFEC}.Release|Any CPU.Build.0 = Release|Any CPU
	EndGlobalSection
	GlobalSection(SolutionProperties) = preSolution
		HideSolutionNode = FALSE
	EndGlobalSection
EndGlobal
