
Microsoft Visual Studio Solution File, Format Version 12.00
# Visual Studio 2013
Project("{FAE04EC0-301F-11D3-BF4B-00C04F79EFBC}") = "UnityVS.Mecanim.CSharp.Editor", "UnityVS.Mecanim.CSharp.Editor.csproj", "{47A08160-13BB-EDC1-4BDC-F6ABB1998BD2}"
EndProject
Project("{1FAC5C55-277D-4884-94A4-83DBDAF57E56}") = "UnityVS.Mecanim.UnityScript", "UnityVS.Mecanim.UnityScript.unityproj", "{7828CAB7-9C00-ECB5-BDD1-7CAE5156F4DA}"
EndProject
Project("{FAE04EC0-301F-11D3-BF4B-00C04F79EFBC}") = "UnityVS.Mecanim.CSharp", "UnityVS.Mecanim.CSharp.csproj", "{3CAB4B0E-EE02-4D34-5788-E9F34CC045FF}"
EndProject
Global
	GlobalSection(SolutionConfigurationPlatforms) = preSolution
		Debug|Any CPU = Debug|Any CPU
		Release|Any CPU = Release|Any CPU
	EndGlobalSection
	GlobalSection(ProjectConfigurationPlatforms) = postSolution
		{47A08160-13BB-EDC1-4BDC-F6ABB1998BD2}.Debug|Any CPU.ActiveCfg = Debug|Any CPU
		{47A08160-13BB-EDC1-4BDC-F6ABB1998BD2}.Debug|Any CPU.Build.0 = Debug|Any CPU
		{47A08160-13BB-EDC1-4BDC-F6ABB1998BD2}.Release|Any CPU.ActiveCfg = Release|Any CPU
		{47A08160-13BB-EDC1-4BDC-F6ABB1998BD2}.Release|Any CPU.Build.0 = Release|Any CPU
		{7828CAB7-9C00-ECB5-BDD1-7CAE5156F4DA}.Debug|Any CPU.ActiveCfg = Debug|Any CPU
		{7828CAB7-9C00-ECB5-BDD1-7CAE5156F4DA}.Debug|Any CPU.Build.0 = Debug|Any CPU
		{7828CAB7-9C00-ECB5-BDD1-7CAE5156F4DA}.Release|Any CPU.ActiveCfg = Release|Any CPU
		{7828CAB7-9C00-ECB5-BDD1-7CAE5156F4DA}.Release|Any CPU.Build.0 = Release|Any CPU
		{3CAB4B0E-EE02-4D34-5788-E9F34CC045FF}.Debug|Any CPU.ActiveCfg = Debug|Any CPU
		{3CAB4B0E-EE02-4D34-5788-E9F34CC045FF}.Debug|Any CPU.Build.0 = Debug|Any CPU
		{3CAB4B0E-EE02-4D34-5788-E9F34CC045FF}.Release|Any CPU.ActiveCfg = Release|Any CPU
		{3CAB4B0E-EE02-4D34-5788-E9F34CC045FF}.Release|Any CPU.Build.0 = Release|Any CPU
	EndGlobalSection
	GlobalSection(SolutionProperties) = preSolution
		HideSolutionNode = FALSE
	EndGlobalSection
EndGlobal
