
Microsoft Visual Studio Solution File, Format Version 12.00
# Visual Studio 2013
Project("{FAE04EC0-301F-11D3-BF4B-00C04F79EFBC}") = "UnityVS.Collider.CSharp", "UnityVS.Collider.CSharp.csproj", "{10964DA8-AE34-B95F-56C7-2D0060DB49A6}"
EndProject
Project("{FAE04EC0-301F-11D3-BF4B-00C04F79EFBC}") = "UnityVS.Collider.CSharp.Editor", "UnityVS.Collider.CSharp.Editor.csproj", "{07F5847E-E4F6-CC14-84A3-DCE2868E0DA1}"
EndProject
Global
	GlobalSection(SolutionConfigurationPlatforms) = preSolution
		Debug|Any CPU = Debug|Any CPU
		Release|Any CPU = Release|Any CPU
	EndGlobalSection
	GlobalSection(ProjectConfigurationPlatforms) = postSolution
		{10964DA8-AE34-B95F-56C7-2D0060DB49A6}.Debug|Any CPU.ActiveCfg = Debug|Any CPU
		{10964DA8-AE34-B95F-56C7-2D0060DB49A6}.Debug|Any CPU.Build.0 = Debug|Any CPU
		{10964DA8-AE34-B95F-56C7-2D0060DB49A6}.Release|Any CPU.ActiveCfg = Release|Any CPU
		{10964DA8-AE34-B95F-56C7-2D0060DB49A6}.Release|Any CPU.Build.0 = Release|Any CPU
		{07F5847E-E4F6-CC14-84A3-DCE2868E0DA1}.Debug|Any CPU.ActiveCfg = Debug|Any CPU
		{07F5847E-E4F6-CC14-84A3-DCE2868E0DA1}.Debug|Any CPU.Build.0 = Debug|Any CPU
		{07F5847E-E4F6-CC14-84A3-DCE2868E0DA1}.Release|Any CPU.ActiveCfg = Release|Any CPU
		{07F5847E-E4F6-CC14-84A3-DCE2868E0DA1}.Release|Any CPU.Build.0 = Release|Any CPU
	EndGlobalSection
	GlobalSection(SolutionProperties) = preSolution
		HideSolutionNode = FALSE
	EndGlobalSection
EndGlobal
