Microsoft Visual Studio Solution File, Format Version 11.00
# Visual Studio 2008

Project("{9E6872E6-9B86-51F5-BF9A-B57597F4F821}") = "SpaceMatch", "Assembly-CSharp.csproj", "{58233D56-3121-3FEC-A974-F7FE6E52D3CD}"
EndProject
Project("{9E6872E6-9B86-51F5-BF9A-B57597F4F821}") = "SpaceMatch", "Assembly-CSharp-Editor.csproj", "{567A7094-965C-811B-101B-66AB1473453A}"
EndProject
Global
	GlobalSection(SolutionConfigurationPlatforms) = preSolution
		Debug|Any CPU = Debug|Any CPU
		Release|Any CPU = Release|Any CPU
	EndGlobalSection
	GlobalSection(ProjectConfigurationPlatforms) = postSolution
		{58233D56-3121-3FEC-A974-F7FE6E52D3CD}.Debug|Any CPU.ActiveCfg = Debug|Any CPU
		{58233D56-3121-3FEC-A974-F7FE6E52D3CD}.Debug|Any CPU.Build.0 = Debug|Any CPU
		{58233D56-3121-3FEC-A974-F7FE6E52D3CD}.Release|Any CPU.ActiveCfg = Release|Any CPU
		{58233D56-3121-3FEC-A974-F7FE6E52D3CD}.Release|Any CPU.Build.0 = Release|Any CPU
		{567A7094-965C-811B-101B-66AB1473453A}.Debug|Any CPU.ActiveCfg = Debug|Any CPU
		{567A7094-965C-811B-101B-66AB1473453A}.Debug|Any CPU.Build.0 = Debug|Any CPU
		{567A7094-965C-811B-101B-66AB1473453A}.Release|Any CPU.ActiveCfg = Release|Any CPU
		{567A7094-965C-811B-101B-66AB1473453A}.Release|Any CPU.Build.0 = Release|Any CPU
	EndGlobalSection
	GlobalSection(SolutionProperties) = preSolution
		HideSolutionNode = FALSE
	EndGlobalSection
	GlobalSection(MonoDevelopProperties) = preSolution
		StartupItem = Assembly-CSharp.csproj
		Policies = $0
		$0.TextStylePolicy = $1
		$1.inheritsSet = null
		$1.scope = text/x-csharp
		$0.CSharpFormattingPolicy = $2
		$2.inheritsSet = Mono
		$2.inheritsScope = text/x-csharp
		$2.scope = text/x-csharp
		$0.TextStylePolicy = $3
		$3.FileWidth = 120
		$3.TabWidth = 4
		$3.EolMarker = Unix
		$3.inheritsSet = Mono
		$3.inheritsScope = text/plain
		$3.scope = text/plain
	EndGlobalSection
EndGlobal
