
Microsoft Visual Studio Solution File, Format Version 12.00
# Visual Studio 2013
Project("{FAE04EC0-301F-11D3-BF4B-00C04F79EFBC}") = "UnityVS.SpineRenderer.CSharp", "UnityVS.SpineRenderer.CSharp.csproj", "{D1360370-CA39-71AF-34C4-00EA11A52318}"
EndProject
Project("{FAE04EC0-301F-11D3-BF4B-00C04F79EFBC}") = "UnityVS.SpineRenderer.CSharp.Editor", "UnityVS.SpineRenderer.CSharp.Editor.csproj", "{8AD5ED0D-4781-6CB1-394E-8C4C1370CD3D}"
EndProject
Global
	GlobalSection(SolutionConfigurationPlatforms) = preSolution
		Debug|Any CPU = Debug|Any CPU
		Release|Any CPU = Release|Any CPU
	EndGlobalSection
	GlobalSection(ProjectConfigurationPlatforms) = postSolution
		{D1360370-CA39-71AF-34C4-00EA11A52318}.Debug|Any CPU.ActiveCfg = Debug|Any CPU
		{D1360370-CA39-71AF-34C4-00EA11A52318}.Debug|Any CPU.Build.0 = Debug|Any CPU
		{D1360370-CA39-71AF-34C4-00EA11A52318}.Release|Any CPU.ActiveCfg = Release|Any CPU
		{D1360370-CA39-71AF-34C4-00EA11A52318}.Release|Any CPU.Build.0 = Release|Any CPU
		{8AD5ED0D-4781-6CB1-394E-8C4C1370CD3D}.Debug|Any CPU.ActiveCfg = Debug|Any CPU
		{8AD5ED0D-4781-6CB1-394E-8C4C1370CD3D}.Debug|Any CPU.Build.0 = Debug|Any CPU
		{8AD5ED0D-4781-6CB1-394E-8C4C1370CD3D}.Release|Any CPU.ActiveCfg = Release|Any CPU
		{8AD5ED0D-4781-6CB1-394E-8C4C1370CD3D}.Release|Any CPU.Build.0 = Release|Any CPU
	EndGlobalSection
	GlobalSection(SolutionProperties) = preSolution
		HideSolutionNode = FALSE
	EndGlobalSection
EndGlobal
