
Microsoft Visual Studio Solution File, Format Version 12.00
# Visual Studio 2013
Project("{FAE04EC0-301F-11D3-BF4B-00C04F79EFBC}") = "UnityVS.NLuaTest.CSharp.Editor", "UnityVS.NLuaTest.CSharp.Editor.csproj", "{F93E0DD7-76A2-E0C5-EBE7-104E41238831}"
EndProject
Project("{FAE04EC0-301F-11D3-BF4B-00C04F79EFBC}") = "UnityVS.NLuaTest.CSharp", "UnityVS.NLuaTest.CSharp.csproj", "{387B952A-9558-DCD5-BCAD-00935D3281AF}"
EndProject
Global
	GlobalSection(SolutionConfigurationPlatforms) = preSolution
		Debug|Any CPU = Debug|Any CPU
		Release|Any CPU = Release|Any CPU
	EndGlobalSection
	GlobalSection(ProjectConfigurationPlatforms) = postSolution
		{F93E0DD7-76A2-E0C5-EBE7-104E41238831}.Debug|Any CPU.ActiveCfg = Debug|Any CPU
		{F93E0DD7-76A2-E0C5-EBE7-104E41238831}.Debug|Any CPU.Build.0 = Debug|Any CPU
		{F93E0DD7-76A2-E0C5-EBE7-104E41238831}.Release|Any CPU.ActiveCfg = Release|Any CPU
		{F93E0DD7-76A2-E0C5-EBE7-104E41238831}.Release|Any CPU.Build.0 = Release|Any CPU
		{387B952A-9558-DCD5-BCAD-00935D3281AF}.Debug|Any CPU.ActiveCfg = Debug|Any CPU
		{387B952A-9558-DCD5-BCAD-00935D3281AF}.Debug|Any CPU.Build.0 = Debug|Any CPU
		{387B952A-9558-DCD5-BCAD-00935D3281AF}.Release|Any CPU.ActiveCfg = Release|Any CPU
		{387B952A-9558-DCD5-BCAD-00935D3281AF}.Release|Any CPU.Build.0 = Release|Any CPU
	EndGlobalSection
	GlobalSection(SolutionProperties) = preSolution
		HideSolutionNode = FALSE
	EndGlobalSection
EndGlobal
