Microsoft Visual Studio Solution File, Format Version 11.00
# Visual Studio 2008

Project("{B94FA44B-E802-2406-C522-D7FCF9B6A9D1}") = "KopiLuaInterface_PG", "Assembly-CSharp.csproj", "{A1CD0226-E4C5-82C2-FE3F-943ABEB786F9}"
EndProject
Project("{B94FA44B-E802-2406-C522-D7FCF9B6A9D1}") = "KopiLuaInterface_PG", "Assembly-CSharp-Editor.csproj", "{3294A98B-64D9-F2BB-C12C-CD19E65AA0F5}"
EndProject
Global
	GlobalSection(SolutionConfigurationPlatforms) = preSolution
		Debug|Any CPU = Debug|Any CPU
		Release|Any CPU = Release|Any CPU
	EndGlobalSection
	GlobalSection(ProjectConfigurationPlatforms) = postSolution
		{A1CD0226-E4C5-82C2-FE3F-943ABEB786F9}.Debug|Any CPU.ActiveCfg = Debug|Any CPU
		{A1CD0226-E4C5-82C2-FE3F-943ABEB786F9}.Debug|Any CPU.Build.0 = Debug|Any CPU
		{A1CD0226-E4C5-82C2-FE3F-943ABEB786F9}.Release|Any CPU.ActiveCfg = Release|Any CPU
		{A1CD0226-E4C5-82C2-FE3F-943ABEB786F9}.Release|Any CPU.Build.0 = Release|Any CPU
		{3294A98B-64D9-F2BB-C12C-CD19E65AA0F5}.Debug|Any CPU.ActiveCfg = Debug|Any CPU
		{3294A98B-64D9-F2BB-C12C-CD19E65AA0F5}.Debug|Any CPU.Build.0 = Debug|Any CPU
		{3294A98B-64D9-F2BB-C12C-CD19E65AA0F5}.Release|Any CPU.ActiveCfg = Release|Any CPU
		{3294A98B-64D9-F2BB-C12C-CD19E65AA0F5}.Release|Any CPU.Build.0 = Release|Any CPU
	EndGlobalSection
	GlobalSection(SolutionProperties) = preSolution
		HideSolutionNode = FALSE
	EndGlobalSection
							GlobalSection(MonoDevelopProperties) = preSolution
		StartupItem = Assembly-CSharp.csproj
		Policies = $0
		$0.TextStylePolicy = $1
		$1.inheritsSet = null
		$1.scope = text/x-csharp
		$0.CSharpFormattingPolicy = $2
		$2.inheritsSet = Mono
		$2.inheritsScope = text/x-csharp
		$2.scope = text/x-csharp
		$0.TextStylePolicy = $3
		$3.FileWidth = 120
		$3.TabWidth = 4
		$3.EolMarker = Unix
		$3.inheritsSet = Mono
		$3.inheritsScope = text/plain
		$3.scope = text/plain
	EndGlobalSection

EndGlobal
