
Microsoft Visual Studio Solution File, Format Version 12.00
# Visual Studio 2013
Project("{FAE04EC0-301F-11D3-BF4B-00C04F79EFBC}") = "UnityVS.ShurikenAPI.CSharp", "UnityVS.ShurikenAPI.CSharp.csproj", "{D9C30FC1-C29E-DDCB-FDE7-F566F133F3B7}"
EndProject
Project("{FAE04EC0-301F-11D3-BF4B-00C04F79EFBC}") = "UnityVS.ShurikenAPI.CSharp.Editor", "UnityVS.ShurikenAPI.CSharp.Editor.csproj", "{BCBBF499-31B3-B742-0725-E0C6557BEC88}"
EndProject
Global
	GlobalSection(SolutionConfigurationPlatforms) = preSolution
		Debug|Any CPU = Debug|Any CPU
		Release|Any CPU = Release|Any CPU
	EndGlobalSection
	GlobalSection(ProjectConfigurationPlatforms) = postSolution
		{D9C30FC1-C29E-DDCB-FDE7-F566F133F3B7}.Debug|Any CPU.ActiveCfg = Debug|Any CPU
		{D9C30FC1-C29E-DDCB-FDE7-F566F133F3B7}.Debug|Any CPU.Build.0 = Debug|Any CPU
		{D9C30FC1-C29E-DDCB-FDE7-F566F133F3B7}.Release|Any CPU.ActiveCfg = Release|Any CPU
		{D9C30FC1-C29E-DDCB-FDE7-F566F133F3B7}.Release|Any CPU.Build.0 = Release|Any CPU
		{BCBBF499-31B3-B742-0725-E0C6557BEC88}.Debug|Any CPU.ActiveCfg = Debug|Any CPU
		{BCBBF499-31B3-B742-0725-E0C6557BEC88}.Debug|Any CPU.Build.0 = Debug|Any CPU
		{BCBBF499-31B3-B742-0725-E0C6557BEC88}.Release|Any CPU.ActiveCfg = Release|Any CPU
		{BCBBF499-31B3-B742-0725-E0C6557BEC88}.Release|Any CPU.Build.0 = Release|Any CPU
	EndGlobalSection
	GlobalSection(SolutionProperties) = preSolution
		HideSolutionNode = FALSE
	EndGlobalSection
EndGlobal
