Microsoft Visual Studio Solution File, Format Version 11.00
# Visual Studio 2008

Project("{1E77A868-1BE6-B031-D7E6-C381E9840F39}") = "PlatformDefine", "Assembly-CSharp.csproj", "{27C6226F-87A0-2D53-3EC1-561606A8F8CE}"
EndProject
Project("{1E77A868-1BE6-B031-D7E6-C381E9840F39}") = "PlatformDefine", "Assembly-CSharp-Editor.csproj", "{86FE9BA5-60C1-1DC4-ED4C-2848D030BB66}"
EndProject
Global
	GlobalSection(SolutionConfigurationPlatforms) = preSolution
		Debug|Any CPU = Debug|Any CPU
		Release|Any CPU = Release|Any CPU
	EndGlobalSection
	GlobalSection(ProjectConfigurationPlatforms) = postSolution
		{27C6226F-87A0-2D53-3EC1-561606A8F8CE}.Debug|Any CPU.ActiveCfg = Debug|Any CPU
		{27C6226F-87A0-2D53-3EC1-561606A8F8CE}.Debug|Any CPU.Build.0 = Debug|Any CPU
		{27C6226F-87A0-2D53-3EC1-561606A8F8CE}.Release|Any CPU.ActiveCfg = Release|Any CPU
		{27C6226F-87A0-2D53-3EC1-561606A8F8CE}.Release|Any CPU.Build.0 = Release|Any CPU
		{86FE9BA5-60C1-1DC4-ED4C-2848D030BB66}.Debug|Any CPU.ActiveCfg = Debug|Any CPU
		{86FE9BA5-60C1-1DC4-ED4C-2848D030BB66}.Debug|Any CPU.Build.0 = Debug|Any CPU
		{86FE9BA5-60C1-1DC4-ED4C-2848D030BB66}.Release|Any CPU.ActiveCfg = Release|Any CPU
		{86FE9BA5-60C1-1DC4-ED4C-2848D030BB66}.Release|Any CPU.Build.0 = Release|Any CPU
	EndGlobalSection
	GlobalSection(SolutionProperties) = preSolution
		HideSolutionNode = FALSE
	EndGlobalSection
									GlobalSection(MonoDevelopProperties) = preSolution
		StartupItem = Assembly-CSharp.csproj
		Policies = $0
		$0.TextStylePolicy = $1
		$1.inheritsSet = null
		$1.scope = text/x-csharp
		$0.CSharpFormattingPolicy = $2
		$2.inheritsSet = Mono
		$2.inheritsScope = text/x-csharp
		$2.scope = text/x-csharp
		$0.TextStylePolicy = $3
		$3.FileWidth = 120
		$3.TabWidth = 4
		$3.EolMarker = Unix
		$3.inheritsSet = Mono
		$3.inheritsScope = text/plain
		$3.scope = text/plain
	EndGlobalSection

EndGlobal
